name: submission
channels:
  - conda-forge
dependencies:
  - _py-xgboost-mutex=2.0=cpu_0
  - _r-mutex=1.0.1=anacondar_1
  - aws-c-auth=0.7.31=hc27b277_0
  - aws-c-cal=0.7.4=h41dd001_1
  - aws-c-common=0.9.28=hd74edd7_0
  - aws-c-compression=0.2.19=h41dd001_1
  - aws-c-event-stream=0.4.3=h40a8fc1_2
  - aws-c-http=0.8.10=hf5a2c8c_0
  - aws-c-io=0.14.18=hc3cb426_10
  - aws-c-mqtt=0.10.6=h3acc7b9_0
  - aws-c-s3=0.6.6=hd16c091_0
  - aws-c-sdkutils=0.1.19=h41dd001_3
  - aws-checksums=0.1.20=h41dd001_0
  - aws-crt-cpp=0.28.3=hdde83a9_5
  - aws-sdk-cpp=1.11.407=h0455a66_0
  - azure-core-cpp=1.13.0=hd01fc5c_0
  - azure-identity-cpp=1.8.0=h13ea094_2
  - azure-storage-blobs-cpp=12.12.0=hfde595f_0
  - azure-storage-common-cpp=12.7.0=hcf3b6fd_1
  - blosc=1.21.6=h5499902_0
  - branca=0.7.2=pyhd8ed1ab_0
  - brotli=1.1.0=hd74edd7_2
  - brotli-bin=1.1.0=hd74edd7_2
  - brotli-python=1.1.0=py312hde4cb15_2
  - bwidget=1.9.14=hce30654_1
  - bzip2=1.0.8=h99b78c6_7
  - c-ares=1.33.1=hd74edd7_0
  - ca-certificates=2024.8.30=hf0a4a13_0
  - cairo=1.18.0=hb4a6bf7_3
  - cctools_osx-arm64=1010.6=hfaac078_1
  - certifi=2024.8.30=pyhd8ed1ab_0
  - cffi=1.17.1=py312h0fad829_0
  - cfitsio=4.4.1=h793ed5c_0
  - charset-normalizer=3.3.2=pyhd8ed1ab_0
  - clang=18.1.8=default_h675cc0c_5
  - clang-18=18.1.8=default_h5c12605_5
  - clang_impl_osx-arm64=18.1.8=h2ae9ea5_19
  - clang_osx-arm64=18.1.8=h54d7cd3_19
  - clangxx=18.1.8=default_h675cc0c_5
  - clangxx_impl_osx-arm64=18.1.8=h555f467_19
  - clangxx_osx-arm64=18.1.8=h54d7cd3_19
  - cloudpickle=3.0.0=pyhd8ed1ab_0
  - colorama=0.4.6=pyhd8ed1ab_0
  - compiler-rt=18.1.8=h856b3c1_1
  - compiler-rt_osx-arm64=18.1.8=h832e737_1
  - contourpy=1.3.0=py312h6142ec9_1
  - curl=8.10.1=h13a7ad3_0
  - cycler=0.12.1=pyhd8ed1ab_0
  - dart-sass=1.58.3=hce30654_1
  - deno=1.41.0=hce30654_0
  - deno-dom=0.1.35=hb9e0d3b_1
  - esbuild=0.24.0=hce30654_0
  - expat=2.6.3=hf9b8971_0
  - fmt=11.0.2=h420ef59_0
  - folium=0.17.0=pyhd8ed1ab_0
  - font-ttf-dejavu-sans-mono=2.37=hab24e00_0
  - font-ttf-inconsolata=3.000=h77eed37_0
  - font-ttf-source-code-pro=2.038=h77eed37_0
  - font-ttf-ubuntu=0.83=h77eed37_2
  - fontconfig=2.14.2=h82840c6_0
  - fonts-conda-ecosystem=1=0
  - fonts-conda-forge=1=0
  - fonttools=4.53.1=py312h024a12e_1
  - freetype=2.12.1=hadb7bae_2
  - freexl=2.0.0=hfbad9fb_0
  - fribidi=1.0.10=h27ca646_0
  - gdal=3.9.2=py312h936c49d_3
  - geopandas=1.0.1=pyhd8ed1ab_1
  - geopandas-base=1.0.1=pyha770c72_1
  - geos=3.12.2=h00cdb27_1
  - geotiff=1.7.3=h82bf549_3
  - gfortran_impl_osx-arm64=12.3.0=h53ed385_3
  - gfortran_osx-arm64=12.3.0=h57527a5_1
  - giflib=5.2.2=h93a5062_0
  - gmp=6.3.0=h7bae524_2
  - graphite2=1.3.13=hebf3989_1003
  - gsl=2.7=h6e638da_0
  - h2=4.1.0=pyhd8ed1ab_0
  - harfbuzz=9.0.0=h997cde5_1
  - hdf4=4.2.15=h2ee6834_7
  - hdf5=1.14.3=nompi_hec07895_105
  - hpack=4.0.0=pyh9f0ad1d_0
  - hyperframe=6.0.1=pyhd8ed1ab_0
  - icu=75.1=hfee45f7_0
  - idna=3.10=pyhd8ed1ab_0
  - isl=0.26=imath32_h347afa1_101
  - jinja2=3.1.4=pyhd8ed1ab_0
  - joblib=1.4.2=pyhd8ed1ab_0
  - json-c=0.17=he54c16a_1
  - kealib=1.5.3=h8edbb62_2
  - kiwisolver=1.4.7=py312h6142ec9_0
  - krb5=1.21.3=h237132a_0
  - lcms2=2.16=ha0e7c42_0
  - ld64_osx-arm64=951.9=hdd277f2_1
  - lerc=4.0.0=h9a09cb3_0
  - libabseil=20240116.2=cxx17_h00cdb27_1
  - libaec=1.1.3=hebf3989_0
  - libarchive=3.7.4=h83d404f_0
  - libasprintf=0.22.5=h8414b35_3
  - libblas=3.9.0=24_osxarm64_openblas
  - libbrotlicommon=1.1.0=hd74edd7_2
  - libbrotlidec=1.1.0=hd74edd7_2
  - libbrotlienc=1.1.0=hd74edd7_2
  - libcblas=3.9.0=24_osxarm64_openblas
  - libclang-cpp18.1=18.1.8=default_h5c12605_5
  - libcrc32c=1.1.2=hbdafb3b_0
  - libcurl=8.10.1=h13a7ad3_0
  - libcxx=19.1.0=ha82da77_0
  - libcxx-devel=18.1.8=h6dc3340_7
  - libdeflate=1.21=h99b78c6_0
  - libedit=3.1.20191231=hc8eb9b7_2
  - libev=4.33=h93a5062_2
  - libexpat=2.6.3=hf9b8971_0
  - libffi=3.4.2=h3422bc3_5
  - libgdal=3.9.2=hce30654_3
  - libgdal-core=3.9.2=h83a0d0f_3
  - libgdal-fits=3.9.2=h248c7bc_3
  - libgdal-grib=3.9.2=h6d3d72d_3
  - libgdal-hdf4=3.9.2=h3847bb8_3
  - libgdal-hdf5=3.9.2=h2def128_3
  - libgdal-jp2openjpeg=3.9.2=hd61e619_3
  - libgdal-kea=3.9.2=h7b2de0b_3
  - libgdal-netcdf=3.9.2=h5e0d008_3
  - libgdal-pdf=3.9.2=h587d690_3
  - libgdal-pg=3.9.2=h147afc8_3
  - libgdal-postgisraster=3.9.2=h147afc8_3
  - libgdal-tiledb=3.9.2=h27a95ea_3
  - libgdal-xls=3.9.2=habc1c91_3
  - libgettextpo=0.22.5=h8414b35_3
  - libgfortran=5.0.0=13_2_0_hd922786_3
  - libgfortran-devel_osx-arm64=12.3.0=hc62be1c_3
  - libgfortran5=13.2.0=hf226fd6_3
  - libglib=2.80.3=h59d46d9_2
  - libgoogle-cloud=2.29.0=hfa33a2f_0
  - libgoogle-cloud-storage=2.29.0=h90fd6fa_0
  - libgrpc=1.62.2=h9c18a4f_0
  - libiconv=1.17=h0d3ecfb_2
  - libintl=0.22.5=h8414b35_3
  - libjpeg-turbo=3.0.0=hb547adb_1
  - libkml=1.3.0=he250239_1021
  - liblapack=3.9.0=24_osxarm64_openblas
  - libllvm14=14.0.6=hd1a9a77_4
  - libllvm18=18.1.8=h5090b49_2
  - libnetcdf=4.9.2=nompi_he469be0_114
  - libnghttp2=1.58.0=ha4dd798_1
  - libopenblas=0.3.27=openmp_h517c56d_1
  - libpng=1.6.44=hc14010f_0
  - libpq=16.4=h671472c_1
  - libprotobuf=4.25.3=hbfab5d5_0
  - libre2-11=2023.09.01=h7b2c953_2
  - librttopo=1.1.0=h31fb324_16
  - libspatialite=5.1.0=h45110ed_10
  - libsqlite=3.46.1=hc14010f_0
  - libssh2=1.11.0=h7a5bd25_0
  - libtiff=4.7.0=h9c1d414_0
  - libwebp-base=1.4.0=h93a5062_0
  - libxcb=1.16=hc9fafa5_1
  - libxgboost=2.1.1=cpu_h27903ac_2
  - libxml2=2.12.7=h01dff8b_4
  - libzip=1.11.1=hfc4440f_0
  - libzlib=1.3.1=hfb2fe0b_1
  - llvm-openmp=18.1.8=hde57baf_1
  - llvm-tools=18.1.8=h5090b49_2
  - llvm-tools-18=18.1.8=h5090b49_2
  - llvmlite=0.43.0=py312ha9ca408_1
  - loguru=0.7.2=py312h81bd7bf_2
  - lz4-c=1.9.4=hb7217d7_0
  - lzo=2.10=h93a5062_1001
  - make=4.4.1=hc9fafa5_1
  - mapclassify=2.8.0=pyhd8ed1ab_0
  - markupsafe=2.1.5=py312h024a12e_1
  - matplotlib-base=3.9.2=py312h9bd0bc6_1
  - minizip=4.0.7=h27ee973_0
  - mizani=0.11.4=pyhd8ed1ab_0
  - mpc=1.3.1=h8f1351a_1
  - mpfr=4.2.1=hb693164_3
  - munkres=1.1.4=pyh9f0ad1d_0
  - ncurses=6.5=h7bae524_1
  - networkx=3.3=pyhd8ed1ab_1
  - nspr=4.35=hb7217d7_0
  - nss=3.104=hd1ce637_0
  - numba=0.60.0=py312h41cea2d_0
  - numpy=1.26.4=py312h8442bc7_0
  - openjpeg=2.5.2=h9f1df11_0
  - openssl=3.3.2=h8359307_0
  - packaging=24.1=pyhd8ed1ab_0
  - pandas=2.2.3=py312hcd31e36_1
  - pandoc=3.2=hce30654_0
  - pango=1.54.0=h9ee27a3_2
  - patsy=0.5.6=pyhd8ed1ab_0
  - pcre2=10.44=h297a79d_2
  - pillow=10.4.0=py312h8609ca0_1
  - pip=24.2=pyh8b19718_1
  - pixman=0.43.4=hebf3989_0
  - plotnine=0.13.6=pyhd8ed1ab_1
  - poppler=24.08.0=h37b219d_1
  - poppler-data=0.4.12=hd8ed1ab_0
  - postgresql=16.4=ha29bbc8_1
  - proj=9.5.0=h61a8e3e_0
  - pthread-stubs=0.4=hd74edd7_1002
  - py-xgboost=2.1.1=cpu_pyhb442362_2
  - pycparser=2.22=pyhd8ed1ab_0
  - pyogrio=0.9.0=py312hf3c922e_2
  - pyparsing=3.1.4=pyhd8ed1ab_0
  - pyproj=3.6.1=py312h1ab748d_10
  - pysocks=1.7.1=pyha2e5f31_6
  - python=3.12.6=h739c21a_1_cpython
  - python-dateutil=2.9.0=pyhd8ed1ab_0
  - python-tzdata=2024.1=pyhd8ed1ab_0
  - python_abi=3.12=5_cp312
  - pytz=2024.1=pyhd8ed1ab_0
  - pyyaml=6.0.2=py312h024a12e_1
  - qhull=2020.2=h420ef59_5
  - quarto=1.5.57=hce30654_0
  - r-askpass=1.2.0=r44h07cda29_1
  - r-base=4.4.1=h1a54fca_15
  - r-base64enc=0.1_3=r44h07cda29_1007
  - r-bslib=0.8.0=r44hc72bb7e_0
  - r-cachem=1.1.0=r44h07cda29_1
  - r-cli=3.6.3=r44hd76f289_1
  - r-colorspace=2.1_1=r44h07cda29_0
  - r-crayon=1.5.3=r44hc72bb7e_1
  - r-curl=5.2.1=r44h5c2fa7e_1
  - r-data.table=1.15.4=r44hba8deaf_1
  - r-digest=0.6.37=r44hd76f289_0
  - r-dplyr=1.1.4=r44hd76f289_1
  - r-ellipsis=0.3.2=r44h07cda29_3
  - r-evaluate=1.0.0=r44hc72bb7e_0
  - r-fansi=1.0.6=r44h07cda29_1
  - r-farver=2.1.2=r44hd76f289_1
  - r-fastmap=1.2.0=r44hd76f289_1
  - r-fontawesome=0.5.2=r44hc72bb7e_1
  - r-fs=1.6.4=r44hd76f289_1
  - r-generics=0.1.3=r44hc72bb7e_3
  - r-ggplot2=3.5.1=r44hc72bb7e_1
  - r-glue=1.7.0=r44h07cda29_1
  - r-gtable=0.3.5=r44hc72bb7e_1
  - r-here=1.0.1=r44hc72bb7e_3
  - r-highr=0.11=r44hc72bb7e_1
  - r-htmltools=0.5.8.1=r44hd76f289_1
  - r-isoband=0.2.7=r44hd76f289_3
  - r-jquerylib=0.1.4=r44hc72bb7e_3
  - r-jsonlite=1.8.9=r44h0d9a900_0
  - r-knitr=1.48=r44hc72bb7e_0
  - r-labeling=0.4.3=r44hc72bb7e_1
  - r-later=1.3.2=r44hd76f289_1
  - r-lattice=0.22_6=r44h07cda29_1
  - r-lifecycle=1.0.4=r44hc72bb7e_1
  - r-magrittr=2.0.3=r44h07cda29_3
  - r-mass=7.3_60.0.1=r44h07cda29_1
  - r-matrix=1.6_5=r44hded8dfa_1
  - r-memoise=2.0.1=r44hc72bb7e_3
  - r-mgcv=1.9_1=r44h83b88f1_1
  - r-mime=0.12=r44h07cda29_3
  - r-munsell=0.5.1=r44hc72bb7e_1
  - r-nlme=3.1_165=r44h7807725_1
  - r-openssl=2.2.2=r44h9b7c17a_0
  - r-packrat=0.9.2=r44hc72bb7e_1
  - r-patchwork=1.3.0=r44hc72bb7e_0
  - r-pillar=1.9.0=r44hc72bb7e_2
  - r-pkgconfig=2.0.3=r44hc72bb7e_4
  - r-pki=0.1_14=r44h926592e_1
  - r-png=0.1_8=r44h272eed0_2
  - r-processx=3.8.4=r44h07cda29_1
  - r-ps=1.7.7=r44h07cda29_0
  - r-quarto=1.4.4=r44hc72bb7e_1
  - r-r6=2.5.1=r44hc72bb7e_3
  - r-rappdirs=0.3.3=r44h07cda29_3
  - r-rcolorbrewer=1.1_3=r44h785f33e_3
  - r-rcpp=1.0.13=r44hd76f289_0
  - r-rcpptoml=0.2.2=r44hd76f289_2
  - r-renv=1.0.8=r44hc72bb7e_0
  - r-reticulate=1.39.0=r44hdd833ad_0
  - r-rlang=1.1.4=r44hd76f289_1
  - r-rmarkdown=2.28=r44hc72bb7e_0
  - r-rprojroot=2.0.4=r44hc72bb7e_1
  - r-rsconnect=1.3.1=r44hc72bb7e_1
  - r-rstudioapi=0.16.0=r44hc72bb7e_1
  - r-sass=0.4.9=r44hd76f289_1
  - r-scales=1.3.0=r44hc72bb7e_1
  - r-sys=3.4.2=r44h07cda29_2
  - r-tibble=3.2.1=r44h07cda29_3
  - r-tidyselect=1.2.1=r44hc72bb7e_1
  - r-tinytex=0.53=r44hc72bb7e_0
  - r-utf8=1.2.4=r44h07cda29_1
  - r-vctrs=0.6.5=r44hd76f289_1
  - r-viridislite=0.4.2=r44hc72bb7e_2
  - r-waterfalls=1.0.0=r44hc72bb7e_2
  - r-withr=3.0.1=r44hc72bb7e_0
  - r-xfun=0.47=r44hd76f289_0
  - r-yaml=2.3.10=r44h07cda29_0
  - re2=2023.09.01=h4cba328_2
  - readline=8.2=h92ec313_1
  - requests=2.32.3=pyhd8ed1ab_0
  - scikit-learn=1.5.2=py312h387f99c_1
  - scipy=1.14.1=py312heb3a901_0
  - seaborn=0.13.2=hd8ed1ab_2
  - seaborn-base=0.13.2=pyhd8ed1ab_2
  - setuptools=74.1.2=pyhd8ed1ab_0
  - shap=0.45.1=cpu_py312h90b5b8f_0
  - shapely=2.0.6=py312ha6b2466_1
  - sigtool=0.1.3=h44b9a77_0
  - six=1.16.0=pyh6c4a22f_0
  - slicer=0.0.8=pyhd8ed1ab_0
  - snappy=1.2.1=hd02b534_0
  - spdlog=1.14.1=h6d8af72_1
  - sqlite=3.46.1=h3b4c4e4_0
  - statsmodels=0.14.3=py312h755e627_1
  - tapi=1300.6.5=h03f4b80_0
  - threadpoolctl=3.5.0=pyhc1e730c_0
  - tiledb=2.26.1=hb36ea6a_1
  - tk=8.6.13=h5083fa2_1
  - tktable=2.10=h1e387b8_6
  - tqdm=4.66.5=pyhd8ed1ab_0
  - typst=0.11.0=ha5936a3_0
  - tzcode=2024b=hd74edd7_0
  - tzdata=2024a=h8827d51_1
  - uriparser=0.9.8=h00cdb27_0
  - urllib3=2.2.3=pyhd8ed1ab_0
  - wheel=0.44.0=pyhd8ed1ab_0
  - xerces-c=3.2.5=h0a46525_1
  - xgboost=2.1.1=cpu_pyhb8f9a19_2
  - xorg-libxau=1.0.11=hd74edd7_1
  - xorg-libxdmcp=1.1.3=h27ca646_0
  - xyzservices=2024.9.0=pyhd8ed1ab_0
  - xz=5.2.6=h57fd34a_0
  - yaml=0.2.5=h3422bc3_2
  - zlib=1.3.1=hfb2fe0b_1
  - zstandard=0.23.0=py312h15fbf35_1
  - zstd=1.5.6=hb46c0d2_0
  - pip:
      - rpy2==3.5.16
      - tzlocal==5.2
prefix: /opt/homebrew/Caskroom/miniforge/base/envs/submission
